<?xml version="1.0" encoding="utf-8"?>
<Project ToolsVersion="4.0" xmlns="http://schemas.microsoft.com/developer/msbuild/2003">
  <ItemGroup>
    <Filter Include="Source Files">
      <UniqueIdentifier>{4FC737F1-C7A5-4376-A066-2A32D752A2FF}</UniqueIdentifier>
      <Extensions>cpp;c;cc;cxx;def;odl;idl;hpj;bat;asm;asmx</Extensions>
    </Filter>
    <Filter Include="Header Files">
      <UniqueIdentifier>{93995380-89BD-4b04-88EB-625FBE52EBFB}</UniqueIdentifier>
      <Extensions>h;hpp;hxx;hm;inl;inc;xsd</Extensions>
    </Filter>
    <Filter Include="Resource Files">
      <UniqueIdentifier>{67DA6AB6-F800-4c08-8B7A-83BB121AAD01}</UniqueIdentifier>
      <Extensions>rc;ico;cur;bmp;dlg;rc2;rct;bin;rgs;gif;jpg;jpeg;jpe;resx;tiff;tif;png;wav;mfcribbon-ms</Extensions>
    </Filter>
  </ItemGroup>
  <ItemGroup>
    <ClInclude Include="stdafx.h">
      <Filter>Header Files</Filter>
    </ClInclude>
    <ClInclude Include="targetver.h">
      <Filter>Header Files</Filter>
    </ClInclude>
    <ClInclude Include="DatabaseWrapper.h">
      <Filter>Header Files</Filter>
    </ClInclude>
    <ClInclude Include="ViewsCollection.h">
      <Filter>Header Files</Filter>
    </ClInclude>
    <ClInclude Include="RequestProcessor.h">
      <Filter>Header Files</Filter>
    </ClInclude>
    <ClInclude Include="..\ProtocolSpecification.h">
      <Filter>Header Files</Filter>
    </ClInclude>
    <ClInclude Include="..\database-objects\DatabaseObject.h">
      <Filter>Header Files</Filter>
    </ClInclude>
    <ClInclude Include="..\database-objects\sqlstring.h">
      <Filter>Header Files</Filter>
    </ClInclude>
    <ClInclude Include="..\database-objects\ObjectsContainer.h">
      <Filter>Header Files</Filter>
    </ClInclude>
    <ClInclude Include="..\database-objects\Product.h">
      <Filter>Header Files</Filter>
    </ClInclude>
    <ClInclude Include="..\database-objects\Asset.h">
      <Filter>Header Files</Filter>
    </ClInclude>
    <ClInclude Include="..\database-objects\Purchase.h">
      <Filter>Header Files</Filter>
    </ClInclude>
    <ClInclude Include="..\database-objects\Sale.h">
      <Filter>Header Files</Filter>
    </ClInclude>
    <ClInclude Include="..\database-objects\ValueObject.h">
      <Filter>Header Files</Filter>
    </ClInclude>
  </ItemGroup>
  <ItemGroup>
    <ClCompile Include="stdafx.cpp">
      <Filter>Source Files</Filter>
    </ClCompile>
    <ClCompile Include="server.cpp">
      <Filter>Source Files</Filter>
    </ClCompile>
    <ClCompile Include="DatabaseWrapper.cpp">
      <Filter>Source Files</Filter>
    </ClCompile>
    <ClCompile Include="ViewsCollection.cpp">
      <Filter>Source Files</Filter>
    </ClCompile>
    <ClCompile Include="RequestProcessor.cpp">
      <Filter>Source Files</Filter>
    </ClCompile>
    <ClCompile Include="..\database-objects\DatabaseObject.cpp">
      <Filter>Source Files</Filter>
    </ClCompile>
    <ClCompile Include="..\database-objects\ObjectsContainer.cpp">
      <Filter>Source Files</Filter>
    </ClCompile>
    <ClCompile Include="..\database-objects\Product.cpp">
      <Filter>Source Files</Filter>
    </ClCompile>
    <ClCompile Include="..\database-objects\Purchase.cpp">
      <Filter>Source Files</Filter>
    </ClCompile>
    <ClCompile Include="..\database-objects\Asset.cpp">
      <Filter>Source Files</Filter>
    </ClCompile>
    <ClCompile Include="..\database-objects\Sale.cpp">
      <Filter>Source Files</Filter>
    </ClCompile>
    <ClCompile Include="..\database-objects\ValueObject.cpp">
      <Filter>Source Files</Filter>
    </ClCompile>
  </ItemGroup>
</Project>